{
  "name": "openai-toolkit",
  "version": "1.0.0",
  "lockfileVersion": 3,
  "requires": true,
  "packages": {
    "": {
      "name": "openai-toolkit",
      "version": "1.0.0",
      "license": "ISC",
      "dependencies": {
        "dotenv": "^16.0.3",
        "tiktoken": "^1.0.7"
      }
    },
    "node_modules/dotenv": {
      "version": "16.0.3",
      "resolved": "https://registry.npmjs.org/dotenv/-/dotenv-16.0.3.tgz",
      "integrity": "sha512-7GO6HghkA5fYG9TYnNxi14/7K9f5occMlp3zXAuSxn7CKCxt9xbNWG7yF8hTCSUchlfWSe3uLmlPfigevRItzQ==",
      "engines": {
        "node": ">=12"
      }
    },
    "node_modules/tiktoken": {
      "version": "1.0.7",
      "resolved": "https://registry.npmjs.org/tiktoken/-/tiktoken-1.0.7.tgz",
      "integrity": "sha512-UoEWsxJssI8sKUJrUXLm0IlVdRHrng1BTHdmz6arbbmy6WY6LZZHXIpR/9c5pOYDsT2e24v04uBTFwh+AYXLiw=="
    }
  }
}
